
Microsoft Visual Studio Solution File, Format Version 11.00
# Visual Studio 2010
Project("{FAE04EC0-301F-11D3-BF4B-00C04F79EFBC}") = "KinectSetup", "KinectSetup\KinectSetup.csproj", "{79CB94CC-8338-4F2F-B5D3-81C811B30F22}"
EndProject
Global
	GlobalSection(SolutionConfigurationPlatforms) = preSolution
		Debug|x86 = Debug|x86
		Release|x86 = Release|x86
	EndGlobalSection
	GlobalSection(ProjectConfigurationPlatforms) = postSolution
		{79CB94CC-8338-4F2F-B5D3-81C811B30F22}.Debug|x86.ActiveCfg = Debug|x86
		{79CB94CC-8338-4F2F-B5D3-81C811B30F22}.Debug|x86.Build.0 = Debug|x86
		{79CB94CC-8338-4F2F-B5D3-81C811B30F22}.Release|x86.ActiveCfg = Release|x86
		{79CB94CC-8338-4F2F-B5D3-81C811B30F22}.Release|x86.Build.0 = Release|x86
	EndGlobalSection
	GlobalSection(SolutionProperties) = preSolution
		HideSolutionNode = FALSE
	EndGlobalSection
EndGlobal
